
Microsoft Visual Studio Solution File, Format Version 12.00
# Visual Studio Version 17
VisualStudioVersion = 17.14.37411.7 d17.14
MinimumVisualStudioVersion = 10.0.40219.1
Project("{FAE04EC0-301F-11D3-BF4B-00C04F79EFBC}") = "GymSystem.PL", "GymSystem.PL.csproj", "{9561A977-7E40-4BD5-8779-97E18D7ADB21}"
EndProject
Project("{FAE04EC0-301F-11D3-BF4B-00C04F79EFBC}") = "GymSystem.BLL", "..\GymManagementSystem.DAL\GymSystem.BLL.csproj", "{FA3F1235-1172-4054-BA26-A69E2C4C7347}"
EndProject
Project("{FAE04EC0-301F-11D3-BF4B-00C04F79EFBC}") = "GymSystem.DAL", "..\GymManagementSystem.PL\GymSystem.DAL.csproj", "{C432955E-EA62-4FD6-AE70-2CC6DA2B9FD9}"
EndProject
Global
	GlobalSection(SolutionConfigurationPlatforms) = preSolution
		Debug|Any CPU = Debug|Any CPU
		Release|Any CPU = Release|Any CPU
	EndGlobalSection
	GlobalSection(ProjectConfigurationPlatforms) = postSolution
		{9561A977-7E40-4BD5-8779-97E18D7ADB21}.Debug|Any CPU.ActiveCfg = Debug|Any CPU
		{9561A977-7E40-4BD5-8779-97E18D7ADB21}.Debug|Any CPU.Build.0 = Debug|Any CPU
		{9561A977-7E40-4BD5-8779-97E18D7ADB21}.Release|Any CPU.ActiveCfg = Release|Any CPU
		{9561A977-7E40-4BD5-8779-97E18D7ADB21}.Release|Any CPU.Build.0 = Release|Any CPU
		{FA3F1235-1172-4054-BA26-A69E2C4C7347}.Debug|Any CPU.ActiveCfg = Debug|Any CPU
		{FA3F1235-1172-4054-BA26-A69E2C4C7347}.Debug|Any CPU.Build.0 = Debug|Any CPU
		{FA3F1235-1172-4054-BA26-A69E2C4C7347}.Release|Any CPU.ActiveCfg = Release|Any CPU
		{FA3F1235-1172-4054-BA26-A69E2C4C7347}.Release|Any CPU.Build.0 = Release|Any CPU
		{C432955E-EA62-4FD6-AE70-2CC6DA2B9FD9}.Debug|Any CPU.ActiveCfg = Debug|Any CPU
		{C432955E-EA62-4FD6-AE70-2CC6DA2B9FD9}.Debug|Any CPU.Build.0 = Debug|Any CPU
		{C432955E-EA62-4FD6-AE70-2CC6DA2B9FD9}.Release|Any CPU.ActiveCfg = Release|Any CPU
		{C432955E-EA62-4FD6-AE70-2CC6DA2B9FD9}.Release|Any CPU.Build.0 = Release|Any CPU
	EndGlobalSection
	GlobalSection(SolutionProperties) = preSolution
		HideSolutionNode = FALSE
	EndGlobalSection
	GlobalSection(ExtensibilityGlobals) = postSolution
		SolutionGuid = {1DD98131-883D-4C86-8CB2-ABF8F2BA0C31}
	EndGlobalSection
EndGlobal
