
Microsoft Visual Studio Solution File, Format Version 12.00
# Visual Studio Version 17
VisualStudioVersion = 17.14.37216.2
MinimumVisualStudioVersion = 10.0.40219.1
Project("{FAE04EC0-301F-11D3-BF4B-00C04F79EFBC}") = "GymSystem", "GymSystem.csproj", "{E9EFB3DB-3C5F-41D7-B692-0C078C7FACD4}"
EndProject
Project("{FAE04EC0-301F-11D3-BF4B-00C04F79EFBC}") = "GymSystem.DAL", "..\GymSystem.DAL\GymSystem.DAL.csproj", "{0E9C496E-9777-42D6-A21E-89E2DC32065B}"
EndProject
Project("{FAE04EC0-301F-11D3-BF4B-00C04F79EFBC}") = "GymSystem.BLL", "..\GymSystem.BLL\GymSystem.BLL.csproj", "{D0EE2CB4-99DD-4DA0-86E0-B4C37094843C}"
EndProject
Global
	GlobalSection(SolutionConfigurationPlatforms) = preSolution
		Debug|Any CPU = Debug|Any CPU
		Release|Any CPU = Release|Any CPU
	EndGlobalSection
	GlobalSection(ProjectConfigurationPlatforms) = postSolution
		{E9EFB3DB-3C5F-41D7-B692-0C078C7FACD4}.Debug|Any CPU.ActiveCfg = Debug|Any CPU
		{E9EFB3DB-3C5F-41D7-B692-0C078C7FACD4}.Debug|Any CPU.Build.0 = Debug|Any CPU
		{E9EFB3DB-3C5F-41D7-B692-0C078C7FACD4}.Release|Any CPU.ActiveCfg = Release|Any CPU
		{E9EFB3DB-3C5F-41D7-B692-0C078C7FACD4}.Release|Any CPU.Build.0 = Release|Any CPU
		{0E9C496E-9777-42D6-A21E-89E2DC32065B}.Debug|Any CPU.ActiveCfg = Debug|Any CPU
		{0E9C496E-9777-42D6-A21E-89E2DC32065B}.Debug|Any CPU.Build.0 = Debug|Any CPU
		{0E9C496E-9777-42D6-A21E-89E2DC32065B}.Release|Any CPU.ActiveCfg = Release|Any CPU
		{0E9C496E-9777-42D6-A21E-89E2DC32065B}.Release|Any CPU.Build.0 = Release|Any CPU
		{D0EE2CB4-99DD-4DA0-86E0-B4C37094843C}.Debug|Any CPU.ActiveCfg = Debug|Any CPU
		{D0EE2CB4-99DD-4DA0-86E0-B4C37094843C}.Debug|Any CPU.Build.0 = Debug|Any CPU
		{D0EE2CB4-99DD-4DA0-86E0-B4C37094843C}.Release|Any CPU.ActiveCfg = Release|Any CPU
		{D0EE2CB4-99DD-4DA0-86E0-B4C37094843C}.Release|Any CPU.Build.0 = Release|Any CPU
	EndGlobalSection
	GlobalSection(SolutionProperties) = preSolution
		HideSolutionNode = FALSE
	EndGlobalSection
	GlobalSection(ExtensibilityGlobals) = postSolution
		SolutionGuid = {F71F5E67-92D8-40EA-90F7-ECACB2E6E609}
	EndGlobalSection
EndGlobal
